
Microsoft Visual Studio Solution File, Format Version 11.00
# Visual Studio 2010
Project("{FAE04EC0-301F-11D3-BF4B-00C04F79EFBC}") = "Project", "Project\Project\Project.csproj", "{F538316C-460F-4E55-A257-A3F4A9F29A01}"
EndProject
Project("{FAE04EC0-301F-11D3-BF4B-00C04F79EFBC}") = "ProjectContent", "Project\ProjectContent\ProjectContent.contentproj", "{50B2FFFE-B4F9-44C7-8113-05FA88C43E30}"
EndProject
Global
	GlobalSection(SolutionConfigurationPlatforms) = preSolution
		Debug|x86 = Debug|x86
		Release|x86 = Release|x86
	EndGlobalSection
	GlobalSection(ProjectConfigurationPlatforms) = postSolution
		{F538316C-460F-4E55-A257-A3F4A9F29A01}.Debug|x86.ActiveCfg = Debug|x86
		{F538316C-460F-4E55-A257-A3F4A9F29A01}.Debug|x86.Build.0 = Debug|x86
		{F538316C-460F-4E55-A257-A3F4A9F29A01}.Release|x86.ActiveCfg = Release|x86
		{F538316C-460F-4E55-A257-A3F4A9F29A01}.Release|x86.Build.0 = Release|x86
		{50B2FFFE-B4F9-44C7-8113-05FA88C43E30}.Debug|x86.ActiveCfg = Debug|x86
		{50B2FFFE-B4F9-44C7-8113-05FA88C43E30}.Release|x86.ActiveCfg = Release|x86
	EndGlobalSection
	GlobalSection(SolutionProperties) = preSolution
		HideSolutionNode = FALSE
	EndGlobalSection
EndGlobal
